
Microsoft Visual Studio Solution File, Format Version 12.00
# Visual Studio Version 16
VisualStudioVersion = 16.0.32602.291
MinimumVisualStudioVersion = 10.0.40219.1
Project("{FAE04EC0-301F-11D3-BF4B-00C04F79EFBC}") = "AdaSoftware.Android", "AdaSoftware\AdaSoftware.Android\AdaSoftware.Android.csproj", "{5716C154-1CAF-47F7-B06C-99816A16D295}"
EndProject
Project("{FAE04EC0-301F-11D3-BF4B-00C04F79EFBC}") = "AdaSoftware.iOS", "AdaSoftware\AdaSoftware.iOS\AdaSoftware.iOS.csproj", "{B4C7ABD1-FD40-4AEE-851F-722200CD690A}"
EndProject
Project("{9A19103F-16F7-4668-BE54-9A1E7A4F7556}") = "AdaSoftware", "AdaSoftware\AdaSoftware\AdaSoftware.csproj", "{22A8EEDA-067C-4F6A-A642-3323BBFF0895}"
EndProject
Project("{2150E333-8FDC-42A3-9474-1A3956D46DE8}") = "Solution Items", "Solution Items", "{1AD0ED01-3495-486D-8D60-C1D5A14DA750}"
	ProjectSection(SolutionItems) = preProject
		.editorconfig = .editorconfig
	EndProjectSection
EndProject
Global
	GlobalSection(SolutionConfigurationPlatforms) = preSolution
		Debug|Any CPU = Debug|Any CPU
		Debug|iPhone = Debug|iPhone
		Debug|iPhoneSimulator = Debug|iPhoneSimulator
		Release|Any CPU = Release|Any CPU
		Release|iPhone = Release|iPhone
		Release|iPhoneSimulator = Release|iPhoneSimulator
	EndGlobalSection
	GlobalSection(ProjectConfigurationPlatforms) = postSolution
		{5716C154-1CAF-47F7-B06C-99816A16D295}.Debug|Any CPU.ActiveCfg = Debug|Any CPU
		{5716C154-1CAF-47F7-B06C-99816A16D295}.Debug|Any CPU.Build.0 = Debug|Any CPU
		{5716C154-1CAF-47F7-B06C-99816A16D295}.Debug|Any CPU.Deploy.0 = Debug|Any CPU
		{5716C154-1CAF-47F7-B06C-99816A16D295}.Debug|iPhone.ActiveCfg = Debug|Any CPU
		{5716C154-1CAF-47F7-B06C-99816A16D295}.Debug|iPhone.Build.0 = Debug|Any CPU
		{5716C154-1CAF-47F7-B06C-99816A16D295}.Debug|iPhone.Deploy.0 = Debug|Any CPU
		{5716C154-1CAF-47F7-B06C-99816A16D295}.Debug|iPhoneSimulator.ActiveCfg = Debug|Any CPU
		{5716C154-1CAF-47F7-B06C-99816A16D295}.Debug|iPhoneSimulator.Build.0 = Debug|Any CPU
		{5716C154-1CAF-47F7-B06C-99816A16D295}.Debug|iPhoneSimulator.Deploy.0 = Debug|Any CPU
		{5716C154-1CAF-47F7-B06C-99816A16D295}.Release|Any CPU.ActiveCfg = Release|Any CPU
		{5716C154-1CAF-47F7-B06C-99816A16D295}.Release|Any CPU.Build.0 = Release|Any CPU
		{5716C154-1CAF-47F7-B06C-99816A16D295}.Release|Any CPU.Deploy.0 = Release|Any CPU
		{5716C154-1CAF-47F7-B06C-99816A16D295}.Release|iPhone.ActiveCfg = Release|Any CPU
		{5716C154-1CAF-47F7-B06C-99816A16D295}.Release|iPhone.Build.0 = Release|Any CPU
		{5716C154-1CAF-47F7-B06C-99816A16D295}.Release|iPhone.Deploy.0 = Release|Any CPU
		{5716C154-1CAF-47F7-B06C-99816A16D295}.Release|iPhoneSimulator.ActiveCfg = Release|Any CPU
		{5716C154-1CAF-47F7-B06C-99816A16D295}.Release|iPhoneSimulator.Build.0 = Release|Any CPU
		{5716C154-1CAF-47F7-B06C-99816A16D295}.Release|iPhoneSimulator.Deploy.0 = Release|Any CPU
		{B4C7ABD1-FD40-4AEE-851F-722200CD690A}.Debug|Any CPU.ActiveCfg = Debug|iPhone
		{B4C7ABD1-FD40-4AEE-851F-722200CD690A}.Debug|Any CPU.Build.0 = Debug|iPhone
		{B4C7ABD1-FD40-4AEE-851F-722200CD690A}.Debug|Any CPU.Deploy.0 = Debug|iPhone
		{B4C7ABD1-FD40-4AEE-851F-722200CD690A}.Debug|iPhone.ActiveCfg = Debug|iPhone
		{B4C7ABD1-FD40-4AEE-851F-722200CD690A}.Debug|iPhone.Build.0 = Debug|iPhone
		{B4C7ABD1-FD40-4AEE-851F-722200CD690A}.Debug|iPhone.Deploy.0 = Debug|iPhone
		{B4C7ABD1-FD40-4AEE-851F-722200CD690A}.Debug|iPhoneSimulator.ActiveCfg = Debug|iPhoneSimulator
		{B4C7ABD1-FD40-4AEE-851F-722200CD690A}.Debug|iPhoneSimulator.Build.0 = Debug|iPhoneSimulator
		{B4C7ABD1-FD40-4AEE-851F-722200CD690A}.Debug|iPhoneSimulator.Deploy.0 = Debug|iPhoneSimulator
		{B4C7ABD1-FD40-4AEE-851F-722200CD690A}.Release|Any CPU.ActiveCfg = Release|iPhoneSimulator
		{B4C7ABD1-FD40-4AEE-851F-722200CD690A}.Release|Any CPU.Build.0 = Release|iPhoneSimulator
		{B4C7ABD1-FD40-4AEE-851F-722200CD690A}.Release|Any CPU.Deploy.0 = Release|iPhoneSimulator
		{B4C7ABD1-FD40-4AEE-851F-722200CD690A}.Release|iPhone.ActiveCfg = Release|iPhone
		{B4C7ABD1-FD40-4AEE-851F-722200CD690A}.Release|iPhone.Build.0 = Release|iPhone
		{B4C7ABD1-FD40-4AEE-851F-722200CD690A}.Release|iPhone.Deploy.0 = Release|iPhone
		{B4C7ABD1-FD40-4AEE-851F-722200CD690A}.Release|iPhoneSimulator.ActiveCfg = Release|iPhoneSimulator
		{B4C7ABD1-FD40-4AEE-851F-722200CD690A}.Release|iPhoneSimulator.Build.0 = Release|iPhoneSimulator
		{B4C7ABD1-FD40-4AEE-851F-722200CD690A}.Release|iPhoneSimulator.Deploy.0 = Release|iPhoneSimulator
		{22A8EEDA-067C-4F6A-A642-3323BBFF0895}.Debug|Any CPU.ActiveCfg = Debug|Any CPU
		{22A8EEDA-067C-4F6A-A642-3323BBFF0895}.Debug|Any CPU.Build.0 = Debug|Any CPU
		{22A8EEDA-067C-4F6A-A642-3323BBFF0895}.Debug|Any CPU.Deploy.0 = Debug|Any CPU
		{22A8EEDA-067C-4F6A-A642-3323BBFF0895}.Debug|iPhone.ActiveCfg = Debug|Any CPU
		{22A8EEDA-067C-4F6A-A642-3323BBFF0895}.Debug|iPhone.Build.0 = Debug|Any CPU
		{22A8EEDA-067C-4F6A-A642-3323BBFF0895}.Debug|iPhone.Deploy.0 = Debug|Any CPU
		{22A8EEDA-067C-4F6A-A642-3323BBFF0895}.Debug|iPhoneSimulator.ActiveCfg = Debug|Any CPU
		{22A8EEDA-067C-4F6A-A642-3323BBFF0895}.Debug|iPhoneSimulator.Build.0 = Debug|Any CPU
		{22A8EEDA-067C-4F6A-A642-3323BBFF0895}.Debug|iPhoneSimulator.Deploy.0 = Debug|Any CPU
		{22A8EEDA-067C-4F6A-A642-3323BBFF0895}.Release|Any CPU.ActiveCfg = Release|Any CPU
		{22A8EEDA-067C-4F6A-A642-3323BBFF0895}.Release|Any CPU.Build.0 = Release|Any CPU
		{22A8EEDA-067C-4F6A-A642-3323BBFF0895}.Release|Any CPU.Deploy.0 = Release|Any CPU
		{22A8EEDA-067C-4F6A-A642-3323BBFF0895}.Release|iPhone.ActiveCfg = Release|Any CPU
		{22A8EEDA-067C-4F6A-A642-3323BBFF0895}.Release|iPhone.Build.0 = Release|Any CPU
		{22A8EEDA-067C-4F6A-A642-3323BBFF0895}.Release|iPhone.Deploy.0 = Release|Any CPU
		{22A8EEDA-067C-4F6A-A642-3323BBFF0895}.Release|iPhoneSimulator.ActiveCfg = Release|Any CPU
		{22A8EEDA-067C-4F6A-A642-3323BBFF0895}.Release|iPhoneSimulator.Build.0 = Release|Any CPU
		{22A8EEDA-067C-4F6A-A642-3323BBFF0895}.Release|iPhoneSimulator.Deploy.0 = Release|Any CPU
	EndGlobalSection
	GlobalSection(SolutionProperties) = preSolution
		HideSolutionNode = FALSE
	EndGlobalSection
	GlobalSection(ExtensibilityGlobals) = postSolution
		SolutionGuid = {D5D59BFC-645B-4D0F-923D-84C1814805E7}
	EndGlobalSection
EndGlobal
